// !$*UTF8*$!
{
	archiveVersion = 1;
	classes = {
	};
	objectVersion = 56;
	objects = {

/* Begin PBXBuildFile section */
		FD13027F2A51B468005A12ED /* NennoPizzaCore.framework in Frameworks */ = {isa = PBXBuildFile; fileRef = FD1302762A51B467005A12ED /* NennoPizzaCore.framework */; };
		FD1302842A51B468005A12ED /* LoadPizzaMenuFromRemoteUseCaseTests.swift in Sources */ = {isa = PBXBuildFile; fileRef = FD1302832A51B468005A12ED /* LoadPizzaMenuFromRemoteUseCaseTests.swift */; };
		FD1302922A51BC65005A12ED /* XCTest+MemoryLeakTracking.swift in Sources */ = {isa = PBXBuildFile; fileRef = FD1302912A51BC65005A12ED /* XCTest+MemoryLeakTracking.swift */; };
		FD49D3112A545B11000A8DCF /* Menu.xcassets in Resources */ = {isa = PBXBuildFile; fileRef = FD49D3102A545B11000A8DCF /* Menu.xcassets */; };
		FD49D3242A547E78000A8DCF /* PizzaMenuTableViewController.swift in Sources */ = {isa = PBXBuildFile; fileRef = FDEA826E2A532BBE00FE1252 /* PizzaMenuTableViewController.swift */; };
		FD49D32F2A547F00000A8DCF /* PizzaViewModel.swift in Sources */ = {isa = PBXBuildFile; fileRef = FD49D32E2A547F00000A8DCF /* PizzaViewModel.swift */; };
		FD49D3302A547F69000A8DCF /* PizzaPresenter.swift in Sources */ = {isa = PBXBuildFile; fileRef = FD49D31B2A547A2C000A8DCF /* PizzaPresenter.swift */; };
		FD85FEA42A54858C00DA44C2 /* NennoPizzaCore.framework in Frameworks */ = {isa = PBXBuildFile; fileRef = FD1302762A51B467005A12ED /* NennoPizzaCore.framework */; platformFilter = ios; };
		FD85FEA52A54858C00DA44C2 /* NennoPizzaCore.framework in Embed Frameworks */ = {isa = PBXBuildFile; fileRef = FD1302762A51B467005A12ED /* NennoPizzaCore.framework */; platformFilter = ios; settings = {ATTRIBUTES = (CodeSignOnCopy, RemoveHeadersOnCopy, ); }; };
		FD85FEAA2A54863400DA44C2 /* NennoPizzaCore.h in Headers */ = {isa = PBXBuildFile; fileRef = FD85FEA92A54863400DA44C2 /* NennoPizzaCore.h */; };
		FD85FEAC2A54864200DA44C2 /* NennoPizzaCoreiOS.h in Headers */ = {isa = PBXBuildFile; fileRef = FD85FEAB2A54864200DA44C2 /* NennoPizzaCoreiOS.h */; };
		FDEA82272A52D5BB00FE1252 /* PizzaMenu.swift in Sources */ = {isa = PBXBuildFile; fileRef = FDEA82262A52D5BB00FE1252 /* PizzaMenu.swift */; };
		FDEA822A2A52D6C800FE1252 /* HTTPClient.swift in Sources */ = {isa = PBXBuildFile; fileRef = FDEA82292A52D6C800FE1252 /* HTTPClient.swift */; };
		FDEA822C2A52D71D00FE1252 /* PizzaMenuLoader.swift in Sources */ = {isa = PBXBuildFile; fileRef = FDEA822B2A52D71D00FE1252 /* PizzaMenuLoader.swift */; };
		FDEA822F2A52D78400FE1252 /* RemotePizzaMenuLoader.swift in Sources */ = {isa = PBXBuildFile; fileRef = FDEA822E2A52D78400FE1252 /* RemotePizzaMenuLoader.swift */; };
		FDEA82322A52D81B00FE1252 /* HTTPURLResponse+StatusCode.swift in Sources */ = {isa = PBXBuildFile; fileRef = FDEA82312A52D81B00FE1252 /* HTTPURLResponse+StatusCode.swift */; };
		FDEA82342A52D84E00FE1252 /* RemotePizzaMenu.swift in Sources */ = {isa = PBXBuildFile; fileRef = FDEA82332A52D84E00FE1252 /* RemotePizzaMenu.swift */; };
		FDEA82362A52D89000FE1252 /* PizzaMenuMapper.swift in Sources */ = {isa = PBXBuildFile; fileRef = FDEA82352A52D89000FE1252 /* PizzaMenuMapper.swift */; };
		FDEA823A2A52DC1600FE1252 /* HTTPClientSpy.swift in Sources */ = {isa = PBXBuildFile; fileRef = FDEA82392A52DC1600FE1252 /* HTTPClientSpy.swift */; };
		FDEA823C2A52DCDD00FE1252 /* LoadIngredientsFromRemoteUseCase.swift in Sources */ = {isa = PBXBuildFile; fileRef = FDEA823B2A52DCDD00FE1252 /* LoadIngredientsFromRemoteUseCase.swift */; };
		FDEA823F2A52E8C000FE1252 /* Ingredient.swift in Sources */ = {isa = PBXBuildFile; fileRef = FDEA823E2A52E8C000FE1252 /* Ingredient.swift */; };
		FDEA82412A52E95A00FE1252 /* IngredientsLoader.swift in Sources */ = {isa = PBXBuildFile; fileRef = FDEA82402A52E95A00FE1252 /* IngredientsLoader.swift */; };
		FDEA82442A52E9E600FE1252 /* IngredientsMapper.swift in Sources */ = {isa = PBXBuildFile; fileRef = FDEA82432A52E9E600FE1252 /* IngredientsMapper.swift */; };
		FDEA82462A52E9F200FE1252 /* RemoteIngredientsLoader.swift in Sources */ = {isa = PBXBuildFile; fileRef = FDEA82452A52E9F200FE1252 /* RemoteIngredientsLoader.swift */; };
		FDEA82482A52EA1600FE1252 /* RemoteIngredient.swift in Sources */ = {isa = PBXBuildFile; fileRef = FDEA82472A52EA1600FE1252 /* RemoteIngredient.swift */; };
		FDEA824A2A52EAFA00FE1252 /* SharedTestHelpers.swift in Sources */ = {isa = PBXBuildFile; fileRef = FDEA82492A52EAFA00FE1252 /* SharedTestHelpers.swift */; };
		FDEA824E2A52EC4400FE1252 /* CalculatePizzaPriceUseCase.swift in Sources */ = {isa = PBXBuildFile; fileRef = FDEA824D2A52EC4400FE1252 /* CalculatePizzaPriceUseCase.swift */; };
		FDEA82512A52FE5B00FE1252 /* PizzaPriceCalculator.swift in Sources */ = {isa = PBXBuildFile; fileRef = FDEA82502A52FE5B00FE1252 /* PizzaPriceCalculator.swift */; };
		FDEA825F2A5301E600FE1252 /* NennoPizzaCoreiOS.framework in Frameworks */ = {isa = PBXBuildFile; fileRef = FDEA82572A5301E600FE1252 /* NennoPizzaCoreiOS.framework */; };
		FDEA82642A5301E600FE1252 /* NennoPizzaCoreiOSTests.swift in Sources */ = {isa = PBXBuildFile; fileRef = FDEA82632A5301E600FE1252 /* NennoPizzaCoreiOSTests.swift */; };
/* End PBXBuildFile section */

/* Begin PBXContainerItemProxy section */
		FD1302802A51B468005A12ED /* PBXContainerItemProxy */ = {
			isa = PBXContainerItemProxy;
			containerPortal = FD13026D2A51B467005A12ED /* Project object */;
			proxyType = 1;
			remoteGlobalIDString = FD1302752A51B467005A12ED;
			remoteInfo = NennoPizzaCore;
		};
		FD85FEA62A54858C00DA44C2 /* PBXContainerItemProxy */ = {
			isa = PBXContainerItemProxy;
			containerPortal = FD13026D2A51B467005A12ED /* Project object */;
			proxyType = 1;
			remoteGlobalIDString = FD1302752A51B467005A12ED;
			remoteInfo = NennoPizzaCore;
		};
		FDEA82602A5301E600FE1252 /* PBXContainerItemProxy */ = {
			isa = PBXContainerItemProxy;
			containerPortal = FD13026D2A51B467005A12ED /* Project object */;
			proxyType = 1;
			remoteGlobalIDString = FDEA82562A5301E600FE1252;
			remoteInfo = NennoPizzaCoreiOS;
		};
/* End PBXContainerItemProxy section */

/* Begin PBXCopyFilesBuildPhase section */
		FD85FEA82A54858C00DA44C2 /* Embed Frameworks */ = {
			isa = PBXCopyFilesBuildPhase;
			buildActionMask = 2147483647;
			dstPath = "";
			dstSubfolderSpec = 10;
			files = (
				FD85FEA52A54858C00DA44C2 /* NennoPizzaCore.framework in Embed Frameworks */,
			);
			name = "Embed Frameworks";
			runOnlyForDeploymentPostprocessing = 0;
		};
/* End PBXCopyFilesBuildPhase section */

/* Begin PBXFileReference section */
		FD1302762A51B467005A12ED /* NennoPizzaCore.framework */ = {isa = PBXFileReference; explicitFileType = wrapper.framework; includeInIndex = 0; path = NennoPizzaCore.framework; sourceTree = BUILT_PRODUCTS_DIR; };
		FD13027E2A51B468005A12ED /* NennoPizzaCoreTests.xctest */ = {isa = PBXFileReference; explicitFileType = wrapper.cfbundle; includeInIndex = 0; path = NennoPizzaCoreTests.xctest; sourceTree = BUILT_PRODUCTS_DIR; };
		FD1302832A51B468005A12ED /* LoadPizzaMenuFromRemoteUseCaseTests.swift */ = {isa = PBXFileReference; lastKnownFileType = sourcecode.swift; path = LoadPizzaMenuFromRemoteUseCaseTests.swift; sourceTree = "<group>"; };
		FD13028E2A51B6BE005A12ED /* NennoPizzaCore.xctestplan */ = {isa = PBXFileReference; lastKnownFileType = text; path = NennoPizzaCore.xctestplan; sourceTree = "<group>"; };
		FD1302912A51BC65005A12ED /* XCTest+MemoryLeakTracking.swift */ = {isa = PBXFileReference; lastKnownFileType = sourcecode.swift; path = "XCTest+MemoryLeakTracking.swift"; sourceTree = "<group>"; };
		FD49D3102A545B11000A8DCF /* Menu.xcassets */ = {isa = PBXFileReference; lastKnownFileType = folder.assetcatalog; path = Menu.xcassets; sourceTree = "<group>"; };
		FD49D31B2A547A2C000A8DCF /* PizzaPresenter.swift */ = {isa = PBXFileReference; lastKnownFileType = sourcecode.swift; path = PizzaPresenter.swift; sourceTree = "<group>"; };
		FD49D32E2A547F00000A8DCF /* PizzaViewModel.swift */ = {isa = PBXFileReference; lastKnownFileType = sourcecode.swift; path = PizzaViewModel.swift; sourceTree = "<group>"; };
		FD85FEA92A54863400DA44C2 /* NennoPizzaCore.h */ = {isa = PBXFileReference; fileEncoding = 4; lastKnownFileType = sourcecode.c.h; path = NennoPizzaCore.h; sourceTree = "<group>"; };
		FD85FEAB2A54864200DA44C2 /* NennoPizzaCoreiOS.h */ = {isa = PBXFileReference; fileEncoding = 4; lastKnownFileType = sourcecode.c.h; name = NennoPizzaCoreiOS.h; path = NennoPizzaCoreiOS/NennoPizzaCoreiOS.h; sourceTree = SOURCE_ROOT; };
		FDEA82262A52D5BB00FE1252 /* PizzaMenu.swift */ = {isa = PBXFileReference; lastKnownFileType = sourcecode.swift; path = PizzaMenu.swift; sourceTree = "<group>"; };
		FDEA82292A52D6C800FE1252 /* HTTPClient.swift */ = {isa = PBXFileReference; lastKnownFileType = sourcecode.swift; path = HTTPClient.swift; sourceTree = "<group>"; };
		FDEA822B2A52D71D00FE1252 /* PizzaMenuLoader.swift */ = {isa = PBXFileReference; lastKnownFileType = sourcecode.swift; path = PizzaMenuLoader.swift; sourceTree = "<group>"; };
		FDEA822E2A52D78400FE1252 /* RemotePizzaMenuLoader.swift */ = {isa = PBXFileReference; lastKnownFileType = sourcecode.swift; path = RemotePizzaMenuLoader.swift; sourceTree = "<group>"; };
		FDEA82312A52D81B00FE1252 /* HTTPURLResponse+StatusCode.swift */ = {isa = PBXFileReference; lastKnownFileType = sourcecode.swift; path = "HTTPURLResponse+StatusCode.swift"; sourceTree = "<group>"; };
		FDEA82332A52D84E00FE1252 /* RemotePizzaMenu.swift */ = {isa = PBXFileReference; lastKnownFileType = sourcecode.swift; path = RemotePizzaMenu.swift; sourceTree = "<group>"; };
		FDEA82352A52D89000FE1252 /* PizzaMenuMapper.swift */ = {isa = PBXFileReference; lastKnownFileType = sourcecode.swift; path = PizzaMenuMapper.swift; sourceTree = "<group>"; };
		FDEA82392A52DC1600FE1252 /* HTTPClientSpy.swift */ = {isa = PBXFileReference; lastKnownFileType = sourcecode.swift; path = HTTPClientSpy.swift; sourceTree = "<group>"; };
		FDEA823B2A52DCDD00FE1252 /* LoadIngredientsFromRemoteUseCase.swift */ = {isa = PBXFileReference; fileEncoding = 4; lastKnownFileType = sourcecode.swift; path = LoadIngredientsFromRemoteUseCase.swift; sourceTree = "<group>"; };
		FDEA823E2A52E8C000FE1252 /* Ingredient.swift */ = {isa = PBXFileReference; lastKnownFileType = sourcecode.swift; path = Ingredient.swift; sourceTree = "<group>"; };
		FDEA82402A52E95A00FE1252 /* IngredientsLoader.swift */ = {isa = PBXFileReference; lastKnownFileType = sourcecode.swift; path = IngredientsLoader.swift; sourceTree = "<group>"; };
		FDEA82432A52E9E600FE1252 /* IngredientsMapper.swift */ = {isa = PBXFileReference; lastKnownFileType = sourcecode.swift; path = IngredientsMapper.swift; sourceTree = "<group>"; };
		FDEA82452A52E9F200FE1252 /* RemoteIngredientsLoader.swift */ = {isa = PBXFileReference; lastKnownFileType = sourcecode.swift; path = RemoteIngredientsLoader.swift; sourceTree = "<group>"; };
		FDEA82472A52EA1600FE1252 /* RemoteIngredient.swift */ = {isa = PBXFileReference; lastKnownFileType = sourcecode.swift; path = RemoteIngredient.swift; sourceTree = "<group>"; };
		FDEA82492A52EAFA00FE1252 /* SharedTestHelpers.swift */ = {isa = PBXFileReference; lastKnownFileType = sourcecode.swift; path = SharedTestHelpers.swift; sourceTree = "<group>"; };
		FDEA824D2A52EC4400FE1252 /* CalculatePizzaPriceUseCase.swift */ = {isa = PBXFileReference; lastKnownFileType = sourcecode.swift; path = CalculatePizzaPriceUseCase.swift; sourceTree = "<group>"; };
		FDEA82502A52FE5B00FE1252 /* PizzaPriceCalculator.swift */ = {isa = PBXFileReference; lastKnownFileType = sourcecode.swift; path = PizzaPriceCalculator.swift; sourceTree = "<group>"; };
		FDEA82572A5301E600FE1252 /* NennoPizzaCoreiOS.framework */ = {isa = PBXFileReference; explicitFileType = wrapper.framework; includeInIndex = 0; path = NennoPizzaCoreiOS.framework; sourceTree = BUILT_PRODUCTS_DIR; };
		FDEA825E2A5301E600FE1252 /* NennoPizzaCoreiOSTests.xctest */ = {isa = PBXFileReference; explicitFileType = wrapper.cfbundle; includeInIndex = 0; path = NennoPizzaCoreiOSTests.xctest; sourceTree = BUILT_PRODUCTS_DIR; };
		FDEA82632A5301E600FE1252 /* NennoPizzaCoreiOSTests.swift */ = {isa = PBXFileReference; lastKnownFileType = sourcecode.swift; path = NennoPizzaCoreiOSTests.swift; sourceTree = "<group>"; };
		FDEA826E2A532BBE00FE1252 /* PizzaMenuTableViewController.swift */ = {isa = PBXFileReference; lastKnownFileType = sourcecode.swift; path = PizzaMenuTableViewController.swift; sourceTree = "<group>"; };
/* End PBXFileReference section */

/* Begin PBXFrameworksBuildPhase section */
		FD1302732A51B467005A12ED /* Frameworks */ = {
			isa = PBXFrameworksBuildPhase;
			buildActionMask = 2147483647;
			files = (
			);
			runOnlyForDeploymentPostprocessing = 0;
		};
		FD13027B2A51B468005A12ED /* Frameworks */ = {
			isa = PBXFrameworksBuildPhase;
			buildActionMask = 2147483647;
			files = (
				FD13027F2A51B468005A12ED /* NennoPizzaCore.framework in Frameworks */,
			);
			runOnlyForDeploymentPostprocessing = 0;
		};
		FDEA82542A5301E600FE1252 /* Frameworks */ = {
			isa = PBXFrameworksBuildPhase;
			buildActionMask = 2147483647;
			files = (
				FD85FEA42A54858C00DA44C2 /* NennoPizzaCore.framework in Frameworks */,
			);
			runOnlyForDeploymentPostprocessing = 0;
		};
		FDEA825B2A5301E600FE1252 /* Frameworks */ = {
			isa = PBXFrameworksBuildPhase;
			buildActionMask = 2147483647;
			files = (
				FDEA825F2A5301E600FE1252 /* NennoPizzaCoreiOS.framework in Frameworks */,
			);
			runOnlyForDeploymentPostprocessing = 0;
		};
/* End PBXFrameworksBuildPhase section */

/* Begin PBXGroup section */
		FD13026C2A51B467005A12ED = {
			isa = PBXGroup;
			children = (
				FD13028E2A51B6BE005A12ED /* NennoPizzaCore.xctestplan */,
				FD1302782A51B467005A12ED /* NennoPizzaCore */,
				FD1302822A51B468005A12ED /* NennoPizzaCoreTests */,
				FDEA82582A5301E600FE1252 /* NennoPizzaCoreiOS */,
				FDEA82622A5301E600FE1252 /* NennoPizzaCoreiOSTests */,
				FD1302772A51B467005A12ED /* Products */,
				FD49D31D2A547E15000A8DCF /* Frameworks */,
			);
			sourceTree = "<group>";
		};
		FD1302772A51B467005A12ED /* Products */ = {
			isa = PBXGroup;
			children = (
				FD1302762A51B467005A12ED /* NennoPizzaCore.framework */,
				FD13027E2A51B468005A12ED /* NennoPizzaCoreTests.xctest */,
				FDEA82572A5301E600FE1252 /* NennoPizzaCoreiOS.framework */,
				FDEA825E2A5301E600FE1252 /* NennoPizzaCoreiOSTests.xctest */,
			);
			name = Products;
			sourceTree = "<group>";
		};
		FD1302782A51B467005A12ED /* NennoPizzaCore */ = {
			isa = PBXGroup;
			children = (
				FDEA82282A52D6A000FE1252 /* API */,
				FDEA823D2A52E8A500FE1252 /* Ingredients Feature */,
				FDEA82422A52E9A800FE1252 /* Ingredients API */,
				FDEA82252A52D59C00FE1252 /* Pizza Menu Feature */,
				FDEA824F2A52FE3C00FE1252 /* Pizza Price */,
				FDEA822D2A52D76F00FE1252 /* Pizza Menu API */,
				FDEA82712A532EE200FE1252 /* Pizza Menu Presentation */,
				FD85FEA92A54863400DA44C2 /* NennoPizzaCore.h */,
			);
			path = NennoPizzaCore;
			sourceTree = "<group>";
		};
		FD1302822A51B468005A12ED /* NennoPizzaCoreTests */ = {
			isa = PBXGroup;
			children = (
				FD1302902A51BC53005A12ED /* Helpers */,
				FD13028F2A51B7AA005A12ED /* API */,
			);
			path = NennoPizzaCoreTests;
			sourceTree = "<group>";
		};
		FD13028F2A51B7AA005A12ED /* API */ = {
			isa = PBXGroup;
			children = (
				FD1302832A51B468005A12ED /* LoadPizzaMenuFromRemoteUseCaseTests.swift */,
				FDEA823B2A52DCDD00FE1252 /* LoadIngredientsFromRemoteUseCase.swift */,
				FDEA824D2A52EC4400FE1252 /* CalculatePizzaPriceUseCase.swift */,
			);
			path = API;
			sourceTree = "<group>";
		};
		FD1302902A51BC53005A12ED /* Helpers */ = {
			isa = PBXGroup;
			children = (
				FD1302912A51BC65005A12ED /* XCTest+MemoryLeakTracking.swift */,
				FDEA82492A52EAFA00FE1252 /* SharedTestHelpers.swift */,
				FDEA82392A52DC1600FE1252 /* HTTPClientSpy.swift */,
			);
			path = Helpers;
			sourceTree = "<group>";
		};
		FD49D31D2A547E15000A8DCF /* Frameworks */ = {
			isa = PBXGroup;
			children = (
			);
			name = Frameworks;
			sourceTree = "<group>";
		};
		FDEA82252A52D59C00FE1252 /* Pizza Menu Feature */ = {
			isa = PBXGroup;
			children = (
				FDEA82262A52D5BB00FE1252 /* PizzaMenu.swift */,
				FDEA822B2A52D71D00FE1252 /* PizzaMenuLoader.swift */,
			);
			path = "Pizza Menu Feature";
			sourceTree = "<group>";
		};
		FDEA82282A52D6A000FE1252 /* API */ = {
			isa = PBXGroup;
			children = (
				FDEA82302A52D80900FE1252 /* Helpers */,
				FDEA82292A52D6C800FE1252 /* HTTPClient.swift */,
			);
			path = API;
			sourceTree = "<group>";
		};
		FDEA822D2A52D76F00FE1252 /* Pizza Menu API */ = {
			isa = PBXGroup;
			children = (
				FDEA82332A52D84E00FE1252 /* RemotePizzaMenu.swift */,
				FDEA822E2A52D78400FE1252 /* RemotePizzaMenuLoader.swift */,
				FDEA82352A52D89000FE1252 /* PizzaMenuMapper.swift */,
			);
			path = "Pizza Menu API";
			sourceTree = "<group>";
		};
		FDEA82302A52D80900FE1252 /* Helpers */ = {
			isa = PBXGroup;
			children = (
				FDEA82312A52D81B00FE1252 /* HTTPURLResponse+StatusCode.swift */,
			);
			path = Helpers;
			sourceTree = "<group>";
		};
		FDEA823D2A52E8A500FE1252 /* Ingredients Feature */ = {
			isa = PBXGroup;
			children = (
				FDEA823E2A52E8C000FE1252 /* Ingredient.swift */,
				FDEA82402A52E95A00FE1252 /* IngredientsLoader.swift */,
			);
			path = "Ingredients Feature";
			sourceTree = "<group>";
		};
		FDEA82422A52E9A800FE1252 /* Ingredients API */ = {
			isa = PBXGroup;
			children = (
				FDEA82452A52E9F200FE1252 /* RemoteIngredientsLoader.swift */,
				FDEA82472A52EA1600FE1252 /* RemoteIngredient.swift */,
				FDEA82432A52E9E600FE1252 /* IngredientsMapper.swift */,
			);
			path = "Ingredients API";
			sourceTree = "<group>";
		};
		FDEA824F2A52FE3C00FE1252 /* Pizza Price */ = {
			isa = PBXGroup;
			children = (
				FDEA82502A52FE5B00FE1252 /* PizzaPriceCalculator.swift */,
			);
			path = "Pizza Price";
			sourceTree = "<group>";
		};
		FDEA82582A5301E600FE1252 /* NennoPizzaCoreiOS */ = {
			isa = PBXGroup;
			children = (
				FDEA826C2A532B5400FE1252 /* Pizza Menu UI */,
				FD85FEAB2A54864200DA44C2 /* NennoPizzaCoreiOS.h */,
			);
			path = NennoPizzaCoreiOS;
			sourceTree = "<group>";
		};
		FDEA82622A5301E600FE1252 /* NennoPizzaCoreiOSTests */ = {
			isa = PBXGroup;
			children = (
				FDEA82632A5301E600FE1252 /* NennoPizzaCoreiOSTests.swift */,
			);
			path = NennoPizzaCoreiOSTests;
			sourceTree = "<group>";
		};
		FDEA826C2A532B5400FE1252 /* Pizza Menu UI */ = {
			isa = PBXGroup;
			children = (
				FD49D3102A545B11000A8DCF /* Menu.xcassets */,
				FDEA826D2A532B5E00FE1252 /* Controllers */,
			);
			path = "Pizza Menu UI";
			sourceTree = "<group>";
		};
		FDEA826D2A532B5E00FE1252 /* Controllers */ = {
			isa = PBXGroup;
			children = (
				FDEA826E2A532BBE00FE1252 /* PizzaMenuTableViewController.swift */,
			);
			path = Controllers;
			sourceTree = "<group>";
		};
		FDEA82712A532EE200FE1252 /* Pizza Menu Presentation */ = {
			isa = PBXGroup;
			children = (
				FD49D31B2A547A2C000A8DCF /* PizzaPresenter.swift */,
				FD49D32E2A547F00000A8DCF /* PizzaViewModel.swift */,
			);
			path = "Pizza Menu Presentation";
			sourceTree = "<group>";
		};
/* End PBXGroup section */

/* Begin PBXHeadersBuildPhase section */
		FD1302712A51B467005A12ED /* Headers */ = {
			isa = PBXHeadersBuildPhase;
			buildActionMask = 2147483647;
			files = (
				FD85FEAA2A54863400DA44C2 /* NennoPizzaCore.h in Headers */,
			);
			runOnlyForDeploymentPostprocessing = 0;
		};
		FDEA82522A5301E600FE1252 /* Headers */ = {
			isa = PBXHeadersBuildPhase;
			buildActionMask = 2147483647;
			files = (
				FD85FEAC2A54864200DA44C2 /* NennoPizzaCoreiOS.h in Headers */,
			);
			runOnlyForDeploymentPostprocessing = 0;
		};
/* End PBXHeadersBuildPhase section */

/* Begin PBXNativeTarget section */
		FD1302752A51B467005A12ED /* NennoPizzaCore */ = {
			isa = PBXNativeTarget;
			buildConfigurationList = FD1302882A51B468005A12ED /* Build configuration list for PBXNativeTarget "NennoPizzaCore" */;
			buildPhases = (
				FD1302712A51B467005A12ED /* Headers */,
				FD1302722A51B467005A12ED /* Sources */,
				FD1302732A51B467005A12ED /* Frameworks */,
				FD1302742A51B467005A12ED /* Resources */,
			);
			buildRules = (
			);
			dependencies = (
			);
			name = NennoPizzaCore;
			productName = NennoPizzaCore;
			productReference = FD1302762A51B467005A12ED /* NennoPizzaCore.framework */;
			productType = "com.apple.product-type.framework";
		};
		FD13027D2A51B468005A12ED /* NennoPizzaCoreTests */ = {
			isa = PBXNativeTarget;
			buildConfigurationList = FD13028B2A51B468005A12ED /* Build configuration list for PBXNativeTarget "NennoPizzaCoreTests" */;
			buildPhases = (
				FD13027A2A51B468005A12ED /* Sources */,
				FD13027B2A51B468005A12ED /* Frameworks */,
				FD13027C2A51B468005A12ED /* Resources */,
			);
			buildRules = (
			);
			dependencies = (
				FD1302812A51B468005A12ED /* PBXTargetDependency */,
			);
			name = NennoPizzaCoreTests;
			productName = NennoPizzaCoreTests;
			productReference = FD13027E2A51B468005A12ED /* NennoPizzaCoreTests.xctest */;
			productType = "com.apple.product-type.bundle.unit-test";
		};
		FDEA82562A5301E600FE1252 /* NennoPizzaCoreiOS */ = {
			isa = PBXNativeTarget;
			buildConfigurationList = FDEA826A2A5301E600FE1252 /* Build configuration list for PBXNativeTarget "NennoPizzaCoreiOS" */;
			buildPhases = (
				FDEA82522A5301E600FE1252 /* Headers */,
				FDEA82532A5301E600FE1252 /* Sources */,
				FDEA82542A5301E600FE1252 /* Frameworks */,
				FDEA82552A5301E600FE1252 /* Resources */,
				FD85FEA82A54858C00DA44C2 /* Embed Frameworks */,
			);
			buildRules = (
			);
			dependencies = (
				FD85FEA72A54858C00DA44C2 /* PBXTargetDependency */,
			);
			name = NennoPizzaCoreiOS;
			productName = NennoPizzaCoreiOS;
			productReference = FDEA82572A5301E600FE1252 /* NennoPizzaCoreiOS.framework */;
			productType = "com.apple.product-type.framework";
		};
		FDEA825D2A5301E600FE1252 /* NennoPizzaCoreiOSTests */ = {
			isa = PBXNativeTarget;
			buildConfigurationList = FDEA826B2A5301E600FE1252 /* Build configuration list for PBXNativeTarget "NennoPizzaCoreiOSTests" */;
			buildPhases = (
				FDEA825A2A5301E600FE1252 /* Sources */,
				FDEA825B2A5301E600FE1252 /* Frameworks */,
				FDEA825C2A5301E600FE1252 /* Resources */,
			);
			buildRules = (
			);
			dependencies = (
				FDEA82612A5301E600FE1252 /* PBXTargetDependency */,
			);
			name = NennoPizzaCoreiOSTests;
			productName = NennoPizzaCoreiOSTests;
			productReference = FDEA825E2A5301E600FE1252 /* NennoPizzaCoreiOSTests.xctest */;
			productType = "com.apple.product-type.bundle.unit-test";
		};
/* End PBXNativeTarget section */

/* Begin PBXProject section */
		FD13026D2A51B467005A12ED /* Project object */ = {
			isa = PBXProject;
			attributes = {
				BuildIndependentTargetsInParallel = 1;
				LastSwiftUpdateCheck = 1430;
				LastUpgradeCheck = 1430;
				TargetAttributes = {
					FD1302752A51B467005A12ED = {
						CreatedOnToolsVersion = 14.3.1;
						LastSwiftMigration = 1430;
					};
					FD13027D2A51B468005A12ED = {
						CreatedOnToolsVersion = 14.3.1;
					};
					FDEA82562A5301E600FE1252 = {
						CreatedOnToolsVersion = 14.3.1;
						LastSwiftMigration = 1430;
					};
					FDEA825D2A5301E600FE1252 = {
						CreatedOnToolsVersion = 14.3.1;
					};
				};
			};
			buildConfigurationList = FD1302702A51B467005A12ED /* Build configuration list for PBXProject "NennoPizzaCore" */;
			compatibilityVersion = "Xcode 14.0";
			developmentRegion = en;
			hasScannedForEncodings = 0;
			knownRegions = (
				en,
				Base,
			);
			mainGroup = FD13026C2A51B467005A12ED;
			productRefGroup = FD1302772A51B467005A12ED /* Products */;
			projectDirPath = "";
			projectRoot = "";
			targets = (
				FD1302752A51B467005A12ED /* NennoPizzaCore */,
				FD13027D2A51B468005A12ED /* NennoPizzaCoreTests */,
				FDEA82562A5301E600FE1252 /* NennoPizzaCoreiOS */,
				FDEA825D2A5301E600FE1252 /* NennoPizzaCoreiOSTests */,
			);
		};
/* End PBXProject section */

/* Begin PBXResourcesBuildPhase section */
		FD1302742A51B467005A12ED /* Resources */ = {
			isa = PBXResourcesBuildPhase;
			buildActionMask = 2147483647;
			files = (
			);
			runOnlyForDeploymentPostprocessing = 0;
		};
		FD13027C2A51B468005A12ED /* Resources */ = {
			isa = PBXResourcesBuildPhase;
			buildActionMask = 2147483647;
			files = (
			);
			runOnlyForDeploymentPostprocessing = 0;
		};
		FDEA82552A5301E600FE1252 /* Resources */ = {
			isa = PBXResourcesBuildPhase;
			buildActionMask = 2147483647;
			files = (
				FD49D3112A545B11000A8DCF /* Menu.xcassets in Resources */,
			);
			runOnlyForDeploymentPostprocessing = 0;
		};
		FDEA825C2A5301E600FE1252 /* Resources */ = {
			isa = PBXResourcesBuildPhase;
			buildActionMask = 2147483647;
			files = (
			);
			runOnlyForDeploymentPostprocessing = 0;
		};
/* End PBXResourcesBuildPhase section */

/* Begin PBXSourcesBuildPhase section */
		FD1302722A51B467005A12ED /* Sources */ = {
			isa = PBXSourcesBuildPhase;
			buildActionMask = 2147483647;
			files = (
				FD49D3302A547F69000A8DCF /* PizzaPresenter.swift in Sources */,
				FDEA822F2A52D78400FE1252 /* RemotePizzaMenuLoader.swift in Sources */,
				FDEA82362A52D89000FE1252 /* PizzaMenuMapper.swift in Sources */,
				FDEA82482A52EA1600FE1252 /* RemoteIngredient.swift in Sources */,
				FDEA82412A52E95A00FE1252 /* IngredientsLoader.swift in Sources */,
				FDEA82442A52E9E600FE1252 /* IngredientsMapper.swift in Sources */,
				FDEA82342A52D84E00FE1252 /* RemotePizzaMenu.swift in Sources */,
				FDEA822A2A52D6C800FE1252 /* HTTPClient.swift in Sources */,
				FD49D32F2A547F00000A8DCF /* PizzaViewModel.swift in Sources */,
				FDEA823F2A52E8C000FE1252 /* Ingredient.swift in Sources */,
				FDEA82512A52FE5B00FE1252 /* PizzaPriceCalculator.swift in Sources */,
				FDEA82462A52E9F200FE1252 /* RemoteIngredientsLoader.swift in Sources */,
				FDEA82322A52D81B00FE1252 /* HTTPURLResponse+StatusCode.swift in Sources */,
				FDEA82272A52D5BB00FE1252 /* PizzaMenu.swift in Sources */,
				FDEA822C2A52D71D00FE1252 /* PizzaMenuLoader.swift in Sources */,
			);
			runOnlyForDeploymentPostprocessing = 0;
		};
		FD13027A2A51B468005A12ED /* Sources */ = {
			isa = PBXSourcesBuildPhase;
			buildActionMask = 2147483647;
			files = (
				FD1302842A51B468005A12ED /* LoadPizzaMenuFromRemoteUseCaseTests.swift in Sources */,
				FDEA823A2A52DC1600FE1252 /* HTTPClientSpy.swift in Sources */,
				FDEA824E2A52EC4400FE1252 /* CalculatePizzaPriceUseCase.swift in Sources */,
				FDEA824A2A52EAFA00FE1252 /* SharedTestHelpers.swift in Sources */,
				FDEA823C2A52DCDD00FE1252 /* LoadIngredientsFromRemoteUseCase.swift in Sources */,
				FD1302922A51BC65005A12ED /* XCTest+MemoryLeakTracking.swift in Sources */,
			);
			runOnlyForDeploymentPostprocessing = 0;
		};
		FDEA82532A5301E600FE1252 /* Sources */ = {
			isa = PBXSourcesBuildPhase;
			buildActionMask = 2147483647;
			files = (
				FD49D3242A547E78000A8DCF /* PizzaMenuTableViewController.swift in Sources */,
			);
			runOnlyForDeploymentPostprocessing = 0;
		};
		FDEA825A2A5301E600FE1252 /* Sources */ = {
			isa = PBXSourcesBuildPhase;
			buildActionMask = 2147483647;
			files = (
				FDEA82642A5301E600FE1252 /* NennoPizzaCoreiOSTests.swift in Sources */,
			);
			runOnlyForDeploymentPostprocessing = 0;
		};
/* End PBXSourcesBuildPhase section */

/* Begin PBXTargetDependency section */
		FD1302812A51B468005A12ED /* PBXTargetDependency */ = {
			isa = PBXTargetDependency;
			target = FD1302752A51B467005A12ED /* NennoPizzaCore */;
			targetProxy = FD1302802A51B468005A12ED /* PBXContainerItemProxy */;
		};
		FD85FEA72A54858C00DA44C2 /* PBXTargetDependency */ = {
			isa = PBXTargetDependency;
			platformFilter = ios;
			target = FD1302752A51B467005A12ED /* NennoPizzaCore */;
			targetProxy = FD85FEA62A54858C00DA44C2 /* PBXContainerItemProxy */;
		};
		FDEA82612A5301E600FE1252 /* PBXTargetDependency */ = {
			isa = PBXTargetDependency;
			target = FDEA82562A5301E600FE1252 /* NennoPizzaCoreiOS */;
			targetProxy = FDEA82602A5301E600FE1252 /* PBXContainerItemProxy */;
		};
/* End PBXTargetDependency section */

/* Begin XCBuildConfiguration section */
		FD1302862A51B468005A12ED /* Debug */ = {
			isa = XCBuildConfiguration;
			buildSettings = {
				ALWAYS_SEARCH_USER_PATHS = NO;
				CLANG_ANALYZER_NONNULL = YES;
				CLANG_ANALYZER_NUMBER_OBJECT_CONVERSION = YES_AGGRESSIVE;
				CLANG_CXX_LANGUAGE_STANDARD = "gnu++20";
				CLANG_ENABLE_MODULES = YES;
				CLANG_ENABLE_OBJC_ARC = YES;
				CLANG_ENABLE_OBJC_WEAK = YES;
				CLANG_WARN_BLOCK_CAPTURE_AUTORELEASING = YES;
				CLANG_WARN_BOOL_CONVERSION = YES;
				CLANG_WARN_COMMA = YES;
				CLANG_WARN_CONSTANT_CONVERSION = YES;
				CLANG_WARN_DEPRECATED_OBJC_IMPLEMENTATIONS = YES;
				CLANG_WARN_DIRECT_OBJC_ISA_USAGE = YES_ERROR;
				CLANG_WARN_DOCUMENTATION_COMMENTS = YES;
				CLANG_WARN_EMPTY_BODY = YES;
				CLANG_WARN_ENUM_CONVERSION = YES;
				CLANG_WARN_INFINITE_RECURSION = YES;
				CLANG_WARN_INT_CONVERSION = YES;
				CLANG_WARN_NON_LITERAL_NULL_CONVERSION = YES;
				CLANG_WARN_OBJC_IMPLICIT_RETAIN_SELF = YES;
				CLANG_WARN_OBJC_LITERAL_CONVERSION = YES;
				CLANG_WARN_OBJC_ROOT_CLASS = YES_ERROR;
				CLANG_WARN_QUOTED_INCLUDE_IN_FRAMEWORK_HEADER = YES;
				CLANG_WARN_RANGE_LOOP_ANALYSIS = YES;
				CLANG_WARN_STRICT_PROTOTYPES = YES;
				CLANG_WARN_SUSPICIOUS_MOVE = YES;
				CLANG_WARN_UNGUARDED_AVAILABILITY = YES_AGGRESSIVE;
				CLANG_WARN_UNREACHABLE_CODE = YES;
				CLANG_WARN__DUPLICATE_METHOD_MATCH = YES;
				COPY_PHASE_STRIP = NO;
				CURRENT_PROJECT_VERSION = 1;
				DEBUG_INFORMATION_FORMAT = dwarf;
				ENABLE_STRICT_OBJC_MSGSEND = YES;
				ENABLE_TESTABILITY = YES;
				GCC_C_LANGUAGE_STANDARD = gnu11;
				GCC_DYNAMIC_NO_PIC = NO;
				GCC_NO_COMMON_BLOCKS = YES;
				GCC_OPTIMIZATION_LEVEL = 0;
				GCC_PREPROCESSOR_DEFINITIONS = (
					"DEBUG=1",
					"$(inherited)",
				);
				GCC_WARN_64_TO_32_BIT_CONVERSION = YES;
				GCC_WARN_ABOUT_RETURN_TYPE = YES_ERROR;
				GCC_WARN_UNDECLARED_SELECTOR = YES;
				GCC_WARN_UNINITIALIZED_AUTOS = YES_AGGRESSIVE;
				GCC_WARN_UNUSED_FUNCTION = YES;
				GCC_WARN_UNUSED_VARIABLE = YES;
				IPHONEOS_DEPLOYMENT_TARGET = 16.4;
				MTL_ENABLE_DEBUG_INFO = INCLUDE_SOURCE;
				MTL_FAST_MATH = YES;
				ONLY_ACTIVE_ARCH = YES;
				SDKROOT = macosx;
				SWIFT_ACTIVE_COMPILATION_CONDITIONS = DEBUG;
				SWIFT_OPTIMIZATION_LEVEL = "-Onone";
				VERSIONING_SYSTEM = "apple-generic";
				VERSION_INFO_PREFIX = "";
			};
			name = Debug;
		};
		FD1302872A51B468005A12ED /* Release */ = {
			isa = XCBuildConfiguration;
			buildSettings = {
				ALWAYS_SEARCH_USER_PATHS = NO;
				CLANG_ANALYZER_NONNULL = YES;
				CLANG_ANALYZER_NUMBER_OBJECT_CONVERSION = YES_AGGRESSIVE;
				CLANG_CXX_LANGUAGE_STANDARD = "gnu++20";
				CLANG_ENABLE_MODULES = YES;
				CLANG_ENABLE_OBJC_ARC = YES;
				CLANG_ENABLE_OBJC_WEAK = YES;
				CLANG_WARN_BLOCK_CAPTURE_AUTORELEASING = YES;
				CLANG_WARN_BOOL_CONVERSION = YES;
				CLANG_WARN_COMMA = YES;
				CLANG_WARN_CONSTANT_CONVERSION = YES;
				CLANG_WARN_DEPRECATED_OBJC_IMPLEMENTATIONS = YES;
				CLANG_WARN_DIRECT_OBJC_ISA_USAGE = YES_ERROR;
				CLANG_WARN_DOCUMENTATION_COMMENTS = YES;
				CLANG_WARN_EMPTY_BODY = YES;
				CLANG_WARN_ENUM_CONVERSION = YES;
				CLANG_WARN_INFINITE_RECURSION = YES;
				CLANG_WARN_INT_CONVERSION = YES;
				CLANG_WARN_NON_LITERAL_NULL_CONVERSION = YES;
				CLANG_WARN_OBJC_IMPLICIT_RETAIN_SELF = YES;
				CLANG_WARN_OBJC_LITERAL_CONVERSION = YES;
				CLANG_WARN_OBJC_ROOT_CLASS = YES_ERROR;
				CLANG_WARN_QUOTED_INCLUDE_IN_FRAMEWORK_HEADER = YES;
				CLANG_WARN_RANGE_LOOP_ANALYSIS = YES;
				CLANG_WARN_STRICT_PROTOTYPES = YES;
				CLANG_WARN_SUSPICIOUS_MOVE = YES;
				CLANG_WARN_UNGUARDED_AVAILABILITY = YES_AGGRESSIVE;
				CLANG_WARN_UNREACHABLE_CODE = YES;
				CLANG_WARN__DUPLICATE_METHOD_MATCH = YES;
				COPY_PHASE_STRIP = NO;
				CURRENT_PROJECT_VERSION = 1;
				DEBUG_INFORMATION_FORMAT = "dwarf-with-dsym";
				ENABLE_NS_ASSERTIONS = NO;
				ENABLE_STRICT_OBJC_MSGSEND = YES;
				GCC_C_LANGUAGE_STANDARD = gnu11;
				GCC_NO_COMMON_BLOCKS = YES;
				GCC_WARN_64_TO_32_BIT_CONVERSION = YES;
				GCC_WARN_ABOUT_RETURN_TYPE = YES_ERROR;
				GCC_WARN_UNDECLARED_SELECTOR = YES;
				GCC_WARN_UNINITIALIZED_AUTOS = YES_AGGRESSIVE;
				GCC_WARN_UNUSED_FUNCTION = YES;
				GCC_WARN_UNUSED_VARIABLE = YES;
				IPHONEOS_DEPLOYMENT_TARGET = 16.4;
				MTL_ENABLE_DEBUG_INFO = NO;
				MTL_FAST_MATH = YES;
				SDKROOT = macosx;
				SWIFT_COMPILATION_MODE = wholemodule;
				SWIFT_OPTIMIZATION_LEVEL = "-O";
				VALIDATE_PRODUCT = YES;
				VERSIONING_SYSTEM = "apple-generic";
				VERSION_INFO_PREFIX = "";
			};
			name = Release;
		};
		FD1302892A51B468005A12ED /* Debug */ = {
			isa = XCBuildConfiguration;
			buildSettings = {
				CLANG_ENABLE_MODULES = YES;
				CODE_SIGN_STYLE = Automatic;
				CURRENT_PROJECT_VERSION = 1;
				DEFINES_MODULE = YES;
				DEVELOPMENT_TEAM = H8TMARX7BW;
				DYLIB_COMPATIBILITY_VERSION = 1;
				DYLIB_CURRENT_VERSION = 1;
				DYLIB_INSTALL_NAME_BASE = "@rpath";
				ENABLE_MODULE_VERIFIER = YES;
				GENERATE_INFOPLIST_FILE = YES;
				INFOPLIST_KEY_NSHumanReadableCopyright = "";
				INSTALL_PATH = "$(LOCAL_LIBRARY_DIR)/Frameworks";
				LD_RUNPATH_SEARCH_PATHS = (
					"$(inherited)",
					"@executable_path/Frameworks",
					"@loader_path/Frameworks",
				);
				MACOSX_DEPLOYMENT_TARGET = 13.2;
				MARKETING_VERSION = 1.0;
				MODULE_VERIFIER_SUPPORTED_LANGUAGES = "objective-c objective-c++";
				MODULE_VERIFIER_SUPPORTED_LANGUAGE_STANDARDS = "gnu11 gnu++20";
				PRODUCT_BUNDLE_IDENTIFIER = com.vadymbohdan.NennoPizzaCore;
				PRODUCT_NAME = "$(TARGET_NAME:c99extidentifier)";
				SKIP_INSTALL = YES;
				SUPPORTED_PLATFORMS = "macosx iphoneos iphonesimulator";
				SUPPORTS_MACCATALYST = NO;
				SUPPORTS_MAC_DESIGNED_FOR_IPHONE_IPAD = NO;
				SWIFT_EMIT_LOC_STRINGS = YES;
				SWIFT_OPTIMIZATION_LEVEL = "-Onone";
				SWIFT_VERSION = 5.0;
			};
			name = Debug;
		};
		FD13028A2A51B468005A12ED /* Release */ = {
			isa = XCBuildConfiguration;
			buildSettings = {
				CLANG_ENABLE_MODULES = YES;
				CODE_SIGN_STYLE = Automatic;
				CURRENT_PROJECT_VERSION = 1;
				DEFINES_MODULE = YES;
				DEVELOPMENT_TEAM = H8TMARX7BW;
				DYLIB_COMPATIBILITY_VERSION = 1;
				DYLIB_CURRENT_VERSION = 1;
				DYLIB_INSTALL_NAME_BASE = "@rpath";
				ENABLE_MODULE_VERIFIER = YES;
				GENERATE_INFOPLIST_FILE = YES;
				INFOPLIST_KEY_NSHumanReadableCopyright = "";
				INSTALL_PATH = "$(LOCAL_LIBRARY_DIR)/Frameworks";
				LD_RUNPATH_SEARCH_PATHS = (
					"$(inherited)",
					"@executable_path/Frameworks",
					"@loader_path/Frameworks",
				);
				MACOSX_DEPLOYMENT_TARGET = 13.2;
				MARKETING_VERSION = 1.0;
				MODULE_VERIFIER_SUPPORTED_LANGUAGES = "objective-c objective-c++";
				MODULE_VERIFIER_SUPPORTED_LANGUAGE_STANDARDS = "gnu11 gnu++20";
				PRODUCT_BUNDLE_IDENTIFIER = com.vadymbohdan.NennoPizzaCore;
				PRODUCT_NAME = "$(TARGET_NAME:c99extidentifier)";
				SKIP_INSTALL = YES;
				SUPPORTED_PLATFORMS = "macosx iphoneos iphonesimulator";
				SUPPORTS_MACCATALYST = NO;
				SUPPORTS_MAC_DESIGNED_FOR_IPHONE_IPAD = NO;
				SWIFT_EMIT_LOC_STRINGS = YES;
				SWIFT_VERSION = 5.0;
			};
			name = Release;
		};
		FD13028C2A51B468005A12ED /* Debug */ = {
			isa = XCBuildConfiguration;
			buildSettings = {
				ALWAYS_EMBED_SWIFT_STANDARD_LIBRARIES = YES;
				CODE_SIGN_STYLE = Automatic;
				CURRENT_PROJECT_VERSION = 1;
				DEVELOPMENT_TEAM = H8TMARX7BW;
				GENERATE_INFOPLIST_FILE = YES;
				MACOSX_DEPLOYMENT_TARGET = 13.2;
				MARKETING_VERSION = 1.0;
				PRODUCT_BUNDLE_IDENTIFIER = com.vadymbohdan.NennoPizzaCoreTests;
				PRODUCT_NAME = "$(TARGET_NAME)";
				SUPPORTED_PLATFORMS = macosx;
				SUPPORTS_MACCATALYST = NO;
				SUPPORTS_MAC_DESIGNED_FOR_IPHONE_IPAD = NO;
				SWIFT_EMIT_LOC_STRINGS = NO;
				SWIFT_VERSION = 5.0;
			};
			name = Debug;
		};
		FD13028D2A51B468005A12ED /* Release */ = {
			isa = XCBuildConfiguration;
			buildSettings = {
				ALWAYS_EMBED_SWIFT_STANDARD_LIBRARIES = YES;
				CODE_SIGN_STYLE = Automatic;
				CURRENT_PROJECT_VERSION = 1;
				DEVELOPMENT_TEAM = H8TMARX7BW;
				GENERATE_INFOPLIST_FILE = YES;
				MACOSX_DEPLOYMENT_TARGET = 13.2;
				MARKETING_VERSION = 1.0;
				PRODUCT_BUNDLE_IDENTIFIER = com.vadymbohdan.NennoPizzaCoreTests;
				PRODUCT_NAME = "$(TARGET_NAME)";
				SUPPORTED_PLATFORMS = macosx;
				SUPPORTS_MACCATALYST = NO;
				SUPPORTS_MAC_DESIGNED_FOR_IPHONE_IPAD = NO;
				SWIFT_EMIT_LOC_STRINGS = NO;
				SWIFT_VERSION = 5.0;
			};
			name = Release;
		};
		FDEA82662A5301E600FE1252 /* Debug */ = {
			isa = XCBuildConfiguration;
			buildSettings = {
				CLANG_ENABLE_MODULES = YES;
				CODE_SIGN_STYLE = Automatic;
				CURRENT_PROJECT_VERSION = 1;
				DEFINES_MODULE = YES;
				DEVELOPMENT_TEAM = H8TMARX7BW;
				DYLIB_COMPATIBILITY_VERSION = 1;
				DYLIB_CURRENT_VERSION = 1;
				DYLIB_INSTALL_NAME_BASE = "@rpath";
				ENABLE_MODULE_VERIFIER = YES;
				GENERATE_INFOPLIST_FILE = YES;
				INFOPLIST_KEY_NSHumanReadableCopyright = "";
				INSTALL_PATH = "$(LOCAL_LIBRARY_DIR)/Frameworks";
				LD_RUNPATH_SEARCH_PATHS = (
					"$(inherited)",
					"@executable_path/Frameworks",
					"@loader_path/Frameworks",
				);
				MARKETING_VERSION = 1.0;
				MODULE_VERIFIER_SUPPORTED_LANGUAGES = "objective-c objective-c++";
				MODULE_VERIFIER_SUPPORTED_LANGUAGE_STANDARDS = "gnu11 gnu++20";
				PRODUCT_BUNDLE_IDENTIFIER = com.vadymbohdan.NennoPizzaCoreiOS;
				PRODUCT_NAME = "$(TARGET_NAME:c99extidentifier)";
				SDKROOT = iphoneos;
				SKIP_INSTALL = YES;
				SUPPORTED_PLATFORMS = "iphonesimulator iphoneos";
				SWIFT_EMIT_LOC_STRINGS = YES;
				SWIFT_OPTIMIZATION_LEVEL = "-Onone";
				SWIFT_VERSION = 5.0;
				TARGETED_DEVICE_FAMILY = "1,2";
			};
			name = Debug;
		};
		FDEA82672A5301E600FE1252 /* Release */ = {
			isa = XCBuildConfiguration;
			buildSettings = {
				CLANG_ENABLE_MODULES = YES;
				CODE_SIGN_STYLE = Automatic;
				CURRENT_PROJECT_VERSION = 1;
				DEFINES_MODULE = YES;
				DEVELOPMENT_TEAM = H8TMARX7BW;
				DYLIB_COMPATIBILITY_VERSION = 1;
				DYLIB_CURRENT_VERSION = 1;
				DYLIB_INSTALL_NAME_BASE = "@rpath";
				ENABLE_MODULE_VERIFIER = YES;
				GENERATE_INFOPLIST_FILE = YES;
				INFOPLIST_KEY_NSHumanReadableCopyright = "";
				INSTALL_PATH = "$(LOCAL_LIBRARY_DIR)/Frameworks";
				LD_RUNPATH_SEARCH_PATHS = (
					"$(inherited)",
					"@executable_path/Frameworks",
					"@loader_path/Frameworks",
				);
				MARKETING_VERSION = 1.0;
				MODULE_VERIFIER_SUPPORTED_LANGUAGES = "objective-c objective-c++";
				MODULE_VERIFIER_SUPPORTED_LANGUAGE_STANDARDS = "gnu11 gnu++20";
				PRODUCT_BUNDLE_IDENTIFIER = com.vadymbohdan.NennoPizzaCoreiOS;
				PRODUCT_NAME = "$(TARGET_NAME:c99extidentifier)";
				SDKROOT = iphoneos;
				SKIP_INSTALL = YES;
				SUPPORTED_PLATFORMS = "iphonesimulator iphoneos";
				SWIFT_EMIT_LOC_STRINGS = YES;
				SWIFT_VERSION = 5.0;
				TARGETED_DEVICE_FAMILY = "1,2";
			};
			name = Release;
		};
		FDEA82682A5301E600FE1252 /* Debug */ = {
			isa = XCBuildConfiguration;
			buildSettings = {
				ALWAYS_EMBED_SWIFT_STANDARD_LIBRARIES = YES;
				CODE_SIGN_STYLE = Automatic;
				CURRENT_PROJECT_VERSION = 1;
				DEVELOPMENT_TEAM = H8TMARX7BW;
				GENERATE_INFOPLIST_FILE = YES;
				MARKETING_VERSION = 1.0;
				PRODUCT_BUNDLE_IDENTIFIER = com.vadymbohdan.NennoPizzaCoreiOSTests;
				PRODUCT_NAME = "$(TARGET_NAME)";
				SWIFT_EMIT_LOC_STRINGS = NO;
				SWIFT_VERSION = 5.0;
				TARGETED_DEVICE_FAMILY = "1,2";
			};
			name = Debug;
		};
		FDEA82692A5301E600FE1252 /* Release */ = {
			isa = XCBuildConfiguration;
			buildSettings = {
				ALWAYS_EMBED_SWIFT_STANDARD_LIBRARIES = YES;
				CODE_SIGN_STYLE = Automatic;
				CURRENT_PROJECT_VERSION = 1;
				DEVELOPMENT_TEAM = H8TMARX7BW;
				GENERATE_INFOPLIST_FILE = YES;
				MARKETING_VERSION = 1.0;
				PRODUCT_BUNDLE_IDENTIFIER = com.vadymbohdan.NennoPizzaCoreiOSTests;
				PRODUCT_NAME = "$(TARGET_NAME)";
				SWIFT_EMIT_LOC_STRINGS = NO;
				SWIFT_VERSION = 5.0;
				TARGETED_DEVICE_FAMILY = "1,2";
			};
			name = Release;
		};
/* End XCBuildConfiguration section */

/* Begin XCConfigurationList section */
		FD1302702A51B467005A12ED /* Build configuration list for PBXProject "NennoPizzaCore" */ = {
			isa = XCConfigurationList;
			buildConfigurations = (
				FD1302862A51B468005A12ED /* Debug */,
				FD1302872A51B468005A12ED /* Release */,
			);
			defaultConfigurationIsVisible = 0;
			defaultConfigurationName = Release;
		};
		FD1302882A51B468005A12ED /* Build configuration list for PBXNativeTarget "NennoPizzaCore" */ = {
			isa = XCConfigurationList;
			buildConfigurations = (
				FD1302892A51B468005A12ED /* Debug */,
				FD13028A2A51B468005A12ED /* Release */,
			);
			defaultConfigurationIsVisible = 0;
			defaultConfigurationName = Release;
		};
		FD13028B2A51B468005A12ED /* Build configuration list for PBXNativeTarget "NennoPizzaCoreTests" */ = {
			isa = XCConfigurationList;
			buildConfigurations = (
				FD13028C2A51B468005A12ED /* Debug */,
				FD13028D2A51B468005A12ED /* Release */,
			);
			defaultConfigurationIsVisible = 0;
			defaultConfigurationName = Release;
		};
		FDEA826A2A5301E600FE1252 /* Build configuration list for PBXNativeTarget "NennoPizzaCoreiOS" */ = {
			isa = XCConfigurationList;
			buildConfigurations = (
				FDEA82662A5301E600FE1252 /* Debug */,
				FDEA82672A5301E600FE1252 /* Release */,
			);
			defaultConfigurationIsVisible = 0;
			defaultConfigurationName = Release;
		};
		FDEA826B2A5301E600FE1252 /* Build configuration list for PBXNativeTarget "NennoPizzaCoreiOSTests" */ = {
			isa = XCConfigurationList;
			buildConfigurations = (
				FDEA82682A5301E600FE1252 /* Debug */,
				FDEA82692A5301E600FE1252 /* Release */,
			);
			defaultConfigurationIsVisible = 0;
			defaultConfigurationName = Release;
		};
/* End XCConfigurationList section */
	};
	rootObject = FD13026D2A51B467005A12ED /* Project object */;
}
