// !$*UTF8*$!
{
	archiveVersion = 1;
	classes = {
	};
	objectVersion = 56;
	objects = {

/* Begin PBXBuildFile section */
		FD0475402A56B93A00D5D8EB /* PizzaMenuLoaderPresentationAdapter.swift in Sources */ = {isa = PBXBuildFile; fileRef = FD04753F2A56B93A00D5D8EB /* PizzaMenuLoaderPresentationAdapter.swift */; };
		FD0475422A56B9B200D5D8EB /* PizzaViewAdapter.swift in Sources */ = {isa = PBXBuildFile; fileRef = FD0475412A56B9B100D5D8EB /* PizzaViewAdapter.swift */; };
		FD0475452A56BA1800D5D8EB /* PizzaDataLoaderPresentationAdapter.swift in Sources */ = {isa = PBXBuildFile; fileRef = FD0475442A56BA1800D5D8EB /* PizzaDataLoaderPresentationAdapter.swift */; };
		FD0475472A56BAB300D5D8EB /* MainQueueDispatchDecorator.swift in Sources */ = {isa = PBXBuildFile; fileRef = FD0475462A56BAB300D5D8EB /* MainQueueDispatchDecorator.swift */; };
		FD0475492A56BCF500D5D8EB /* PizzaMenuUIComposer.swift in Sources */ = {isa = PBXBuildFile; fileRef = FD0475482A56BCF500D5D8EB /* PizzaMenuUIComposer.swift */; };
		FD04754B2A56C91000D5D8EB /* Cart.swift in Sources */ = {isa = PBXBuildFile; fileRef = FD04754A2A56C91000D5D8EB /* Cart.swift */; };
		FD05E71D2A59F2430015CC18 /* CartPresentationAdapter.swift in Sources */ = {isa = PBXBuildFile; fileRef = FD05E71C2A59F2430015CC18 /* CartPresentationAdapter.swift */; };
		FD05E71F2A59F2860015CC18 /* CartItemDataLoaderPresentationAdapter.swift in Sources */ = {isa = PBXBuildFile; fileRef = FD05E71E2A59F2860015CC18 /* CartItemDataLoaderPresentationAdapter.swift */; };
		FD05E7212A59F3020015CC18 /* CartViewAdapter.swift in Sources */ = {isa = PBXBuildFile; fileRef = FD05E7202A59F3020015CC18 /* CartViewAdapter.swift */; };
		FD05E7232A59F3590015CC18 /* NumberFormatter+formatCurrency.swift in Sources */ = {isa = PBXBuildFile; fileRef = FD05E7222A59F3590015CC18 /* NumberFormatter+formatCurrency.swift */; };
		FD05E7262A59F5540015CC18 /* CartUIComposer.swift in Sources */ = {isa = PBXBuildFile; fileRef = FD05E7252A59F5540015CC18 /* CartUIComposer.swift */; };
		FD1326AA2A5BF3A200E0AD6B /* CheckoutPresentationAdapter.swift in Sources */ = {isa = PBXBuildFile; fileRef = FD1326A92A5BF3A200E0AD6B /* CheckoutPresentationAdapter.swift */; };
		FD1326B32A5BF9DB00E0AD6B /* CheckoutUIComposer.swift in Sources */ = {isa = PBXBuildFile; fileRef = FD1326B22A5BF9DB00E0AD6B /* CheckoutUIComposer.swift */; };
		FD1641442A50424D0019178F /* README.md in Resources */ = {isa = PBXBuildFile; fileRef = FD1641432A50424D0019178F /* README.md */; };
		FD2A06DE2A4F25D800812B2C /* AppDelegate.swift in Sources */ = {isa = PBXBuildFile; fileRef = FD2A06DD2A4F25D800812B2C /* AppDelegate.swift */; };
		FD2A06E02A4F25D800812B2C /* SceneDelegate.swift in Sources */ = {isa = PBXBuildFile; fileRef = FD2A06DF2A4F25D800812B2C /* SceneDelegate.swift */; };
		FD2A06E72A4F25DB00812B2C /* Assets.xcassets in Resources */ = {isa = PBXBuildFile; fileRef = FD2A06E62A4F25DB00812B2C /* Assets.xcassets */; };
		FD2A06EA2A4F25DB00812B2C /* LaunchScreen.storyboard in Resources */ = {isa = PBXBuildFile; fileRef = FD2A06E82A4F25DB00812B2C /* LaunchScreen.storyboard */; };
		FD2E3AAE2A561FD900BF08F2 /* WeakRefVirtualProxy.swift in Sources */ = {isa = PBXBuildFile; fileRef = FD2E3AAD2A561FD900BF08F2 /* WeakRefVirtualProxy.swift */; };
/* End PBXBuildFile section */

/* Begin PBXFileReference section */
		FD04753F2A56B93A00D5D8EB /* PizzaMenuLoaderPresentationAdapter.swift */ = {isa = PBXFileReference; lastKnownFileType = sourcecode.swift; path = PizzaMenuLoaderPresentationAdapter.swift; sourceTree = "<group>"; };
		FD0475412A56B9B100D5D8EB /* PizzaViewAdapter.swift */ = {isa = PBXFileReference; lastKnownFileType = sourcecode.swift; path = PizzaViewAdapter.swift; sourceTree = "<group>"; };
		FD0475442A56BA1800D5D8EB /* PizzaDataLoaderPresentationAdapter.swift */ = {isa = PBXFileReference; lastKnownFileType = sourcecode.swift; path = PizzaDataLoaderPresentationAdapter.swift; sourceTree = "<group>"; };
		FD0475462A56BAB300D5D8EB /* MainQueueDispatchDecorator.swift */ = {isa = PBXFileReference; lastKnownFileType = sourcecode.swift; path = MainQueueDispatchDecorator.swift; sourceTree = "<group>"; };
		FD0475482A56BCF500D5D8EB /* PizzaMenuUIComposer.swift */ = {isa = PBXFileReference; lastKnownFileType = sourcecode.swift; path = PizzaMenuUIComposer.swift; sourceTree = "<group>"; };
		FD04754A2A56C91000D5D8EB /* Cart.swift */ = {isa = PBXFileReference; lastKnownFileType = sourcecode.swift; path = Cart.swift; sourceTree = "<group>"; };
		FD05E71C2A59F2430015CC18 /* CartPresentationAdapter.swift */ = {isa = PBXFileReference; lastKnownFileType = sourcecode.swift; path = CartPresentationAdapter.swift; sourceTree = "<group>"; };
		FD05E71E2A59F2860015CC18 /* CartItemDataLoaderPresentationAdapter.swift */ = {isa = PBXFileReference; lastKnownFileType = sourcecode.swift; path = CartItemDataLoaderPresentationAdapter.swift; sourceTree = "<group>"; };
		FD05E7202A59F3020015CC18 /* CartViewAdapter.swift */ = {isa = PBXFileReference; lastKnownFileType = sourcecode.swift; path = CartViewAdapter.swift; sourceTree = "<group>"; };
		FD05E7222A59F3590015CC18 /* NumberFormatter+formatCurrency.swift */ = {isa = PBXFileReference; lastKnownFileType = sourcecode.swift; path = "NumberFormatter+formatCurrency.swift"; sourceTree = "<group>"; };
		FD05E7252A59F5540015CC18 /* CartUIComposer.swift */ = {isa = PBXFileReference; lastKnownFileType = sourcecode.swift; path = CartUIComposer.swift; sourceTree = "<group>"; };
		FD1326A92A5BF3A200E0AD6B /* CheckoutPresentationAdapter.swift */ = {isa = PBXFileReference; lastKnownFileType = sourcecode.swift; path = CheckoutPresentationAdapter.swift; sourceTree = "<group>"; };
		FD1326B22A5BF9DB00E0AD6B /* CheckoutUIComposer.swift */ = {isa = PBXFileReference; lastKnownFileType = sourcecode.swift; path = CheckoutUIComposer.swift; sourceTree = "<group>"; };
		FD1641432A50424D0019178F /* README.md */ = {isa = PBXFileReference; fileEncoding = 4; lastKnownFileType = net.daringfireball.markdown; path = README.md; sourceTree = "<group>"; };
		FD2A06DA2A4F25D700812B2C /* NennoPizza.app */ = {isa = PBXFileReference; explicitFileType = wrapper.application; includeInIndex = 0; path = NennoPizza.app; sourceTree = BUILT_PRODUCTS_DIR; };
		FD2A06DD2A4F25D800812B2C /* AppDelegate.swift */ = {isa = PBXFileReference; lastKnownFileType = sourcecode.swift; path = AppDelegate.swift; sourceTree = "<group>"; };
		FD2A06DF2A4F25D800812B2C /* SceneDelegate.swift */ = {isa = PBXFileReference; lastKnownFileType = sourcecode.swift; path = SceneDelegate.swift; sourceTree = "<group>"; };
		FD2A06E62A4F25DB00812B2C /* Assets.xcassets */ = {isa = PBXFileReference; lastKnownFileType = folder.assetcatalog; path = Assets.xcassets; sourceTree = "<group>"; };
		FD2A06E92A4F25DB00812B2C /* Base */ = {isa = PBXFileReference; lastKnownFileType = file.storyboard; name = Base; path = Base.lproj/LaunchScreen.storyboard; sourceTree = "<group>"; };
		FD2A06EB2A4F25DB00812B2C /* Info.plist */ = {isa = PBXFileReference; lastKnownFileType = text.plist.xml; path = Info.plist; sourceTree = "<group>"; };
		FD2E3AAD2A561FD900BF08F2 /* WeakRefVirtualProxy.swift */ = {isa = PBXFileReference; fileEncoding = 4; lastKnownFileType = sourcecode.swift; path = WeakRefVirtualProxy.swift; sourceTree = "<group>"; };
		FD49D3172A546D0F000A8DCF /* NennoPizzaCore.framework */ = {isa = PBXFileReference; explicitFileType = wrapper.framework; path = NennoPizzaCore.framework; sourceTree = BUILT_PRODUCTS_DIR; };
		FD657F7B2A54803600533ADF /* NennoPizzaCoreiOS.framework */ = {isa = PBXFileReference; explicitFileType = wrapper.framework; path = NennoPizzaCoreiOS.framework; sourceTree = BUILT_PRODUCTS_DIR; };
/* End PBXFileReference section */

/* Begin PBXFrameworksBuildPhase section */
		FD2A06D72A4F25D700812B2C /* Frameworks */ = {
			isa = PBXFrameworksBuildPhase;
			buildActionMask = 2147483647;
			files = (
			);
			runOnlyForDeploymentPostprocessing = 0;
		};
/* End PBXFrameworksBuildPhase section */

/* Begin PBXGroup section */
		FD0475432A56B9B500D5D8EB /* Composition */ = {
			isa = PBXGroup;
			children = (
				FD2E3AAD2A561FD900BF08F2 /* WeakRefVirtualProxy.swift */,
				FD0475462A56BAB300D5D8EB /* MainQueueDispatchDecorator.swift */,
				FD04754A2A56C91000D5D8EB /* Cart.swift */,
				FD05E7242A59F35C0015CC18 /* Helpers */,
				FD1326A82A5BF36B00E0AD6B /* Checkout */,
				FDFF253C2A5B39CB00DEB45F /* Pizza Menu */,
				FD05E71B2A59EF510015CC18 /* Cart */,
			);
			path = Composition;
			sourceTree = "<group>";
		};
		FD05E71B2A59EF510015CC18 /* Cart */ = {
			isa = PBXGroup;
			children = (
				FD05E71C2A59F2430015CC18 /* CartPresentationAdapter.swift */,
				FD05E71E2A59F2860015CC18 /* CartItemDataLoaderPresentationAdapter.swift */,
				FD05E7202A59F3020015CC18 /* CartViewAdapter.swift */,
				FD05E7252A59F5540015CC18 /* CartUIComposer.swift */,
			);
			path = Cart;
			sourceTree = "<group>";
		};
		FD05E7242A59F35C0015CC18 /* Helpers */ = {
			isa = PBXGroup;
			children = (
				FD05E7222A59F3590015CC18 /* NumberFormatter+formatCurrency.swift */,
			);
			path = Helpers;
			sourceTree = "<group>";
		};
		FD1326A82A5BF36B00E0AD6B /* Checkout */ = {
			isa = PBXGroup;
			children = (
				FD1326A92A5BF3A200E0AD6B /* CheckoutPresentationAdapter.swift */,
				FD1326B22A5BF9DB00E0AD6B /* CheckoutUIComposer.swift */,
			);
			path = Checkout;
			sourceTree = "<group>";
		};
		FD2A06D12A4F25D700812B2C = {
			isa = PBXGroup;
			children = (
				FD2A06DC2A4F25D800812B2C /* NennoPizza */,
				FD2A06DB2A4F25D700812B2C /* Products */,
				FD49D3122A546D0B000A8DCF /* Frameworks */,
			);
			sourceTree = "<group>";
		};
		FD2A06DB2A4F25D700812B2C /* Products */ = {
			isa = PBXGroup;
			children = (
				FD2A06DA2A4F25D700812B2C /* NennoPizza.app */,
			);
			name = Products;
			sourceTree = "<group>";
		};
		FD2A06DC2A4F25D800812B2C /* NennoPizza */ = {
			isa = PBXGroup;
			children = (
				FD2A06DD2A4F25D800812B2C /* AppDelegate.swift */,
				FD2A06DF2A4F25D800812B2C /* SceneDelegate.swift */,
				FD0475432A56B9B500D5D8EB /* Composition */,
				FD1641432A50424D0019178F /* README.md */,
				FD2A06E62A4F25DB00812B2C /* Assets.xcassets */,
				FD2A06E82A4F25DB00812B2C /* LaunchScreen.storyboard */,
				FD2A06EB2A4F25DB00812B2C /* Info.plist */,
			);
			path = NennoPizza;
			sourceTree = "<group>";
		};
		FD49D3122A546D0B000A8DCF /* Frameworks */ = {
			isa = PBXGroup;
			children = (
				FD657F7B2A54803600533ADF /* NennoPizzaCoreiOS.framework */,
				FD49D3172A546D0F000A8DCF /* NennoPizzaCore.framework */,
			);
			name = Frameworks;
			sourceTree = "<group>";
		};
		FDFF253C2A5B39CB00DEB45F /* Pizza Menu */ = {
			isa = PBXGroup;
			children = (
				FD04753F2A56B93A00D5D8EB /* PizzaMenuLoaderPresentationAdapter.swift */,
				FD0475412A56B9B100D5D8EB /* PizzaViewAdapter.swift */,
				FD0475442A56BA1800D5D8EB /* PizzaDataLoaderPresentationAdapter.swift */,
				FD0475482A56BCF500D5D8EB /* PizzaMenuUIComposer.swift */,
			);
			path = "Pizza Menu";
			sourceTree = "<group>";
		};
/* End PBXGroup section */

/* Begin PBXNativeTarget section */
		FD2A06D92A4F25D700812B2C /* NennoPizza */ = {
			isa = PBXNativeTarget;
			buildConfigurationList = FD2A06EE2A4F25DB00812B2C /* Build configuration list for PBXNativeTarget "NennoPizza" */;
			buildPhases = (
				FD2A06D62A4F25D700812B2C /* Sources */,
				FD2A06D72A4F25D700812B2C /* Frameworks */,
				FD2A06D82A4F25D700812B2C /* Resources */,
			);
			buildRules = (
			);
			dependencies = (
			);
			name = NennoPizza;
			productName = NennoPizza;
			productReference = FD2A06DA2A4F25D700812B2C /* NennoPizza.app */;
			productType = "com.apple.product-type.application";
		};
/* End PBXNativeTarget section */

/* Begin PBXProject section */
		FD2A06D22A4F25D700812B2C /* Project object */ = {
			isa = PBXProject;
			attributes = {
				BuildIndependentTargetsInParallel = 1;
				LastSwiftUpdateCheck = 1430;
				LastUpgradeCheck = 1430;
				TargetAttributes = {
					FD2A06D92A4F25D700812B2C = {
						CreatedOnToolsVersion = 14.3.1;
					};
				};
			};
			buildConfigurationList = FD2A06D52A4F25D700812B2C /* Build configuration list for PBXProject "NennoPizza" */;
			compatibilityVersion = "Xcode 14.0";
			developmentRegion = en;
			hasScannedForEncodings = 0;
			knownRegions = (
				en,
				Base,
			);
			mainGroup = FD2A06D12A4F25D700812B2C;
			productRefGroup = FD2A06DB2A4F25D700812B2C /* Products */;
			projectDirPath = "";
			projectRoot = "";
			targets = (
				FD2A06D92A4F25D700812B2C /* NennoPizza */,
			);
		};
/* End PBXProject section */

/* Begin PBXResourcesBuildPhase section */
		FD2A06D82A4F25D700812B2C /* Resources */ = {
			isa = PBXResourcesBuildPhase;
			buildActionMask = 2147483647;
			files = (
				FD2A06EA2A4F25DB00812B2C /* LaunchScreen.storyboard in Resources */,
				FD2A06E72A4F25DB00812B2C /* Assets.xcassets in Resources */,
				FD1641442A50424D0019178F /* README.md in Resources */,
			);
			runOnlyForDeploymentPostprocessing = 0;
		};
/* End PBXResourcesBuildPhase section */

/* Begin PBXSourcesBuildPhase section */
		FD2A06D62A4F25D700812B2C /* Sources */ = {
			isa = PBXSourcesBuildPhase;
			buildActionMask = 2147483647;
			files = (
				FD2A06DE2A4F25D800812B2C /* AppDelegate.swift in Sources */,
				FD04754B2A56C91000D5D8EB /* Cart.swift in Sources */,
				FD05E7212A59F3020015CC18 /* CartViewAdapter.swift in Sources */,
				FD0475472A56BAB300D5D8EB /* MainQueueDispatchDecorator.swift in Sources */,
				FD05E71F2A59F2860015CC18 /* CartItemDataLoaderPresentationAdapter.swift in Sources */,
				FD0475452A56BA1800D5D8EB /* PizzaDataLoaderPresentationAdapter.swift in Sources */,
				FD05E7232A59F3590015CC18 /* NumberFormatter+formatCurrency.swift in Sources */,
				FD2E3AAE2A561FD900BF08F2 /* WeakRefVirtualProxy.swift in Sources */,
				FD05E71D2A59F2430015CC18 /* CartPresentationAdapter.swift in Sources */,
				FD05E7262A59F5540015CC18 /* CartUIComposer.swift in Sources */,
				FD1326AA2A5BF3A200E0AD6B /* CheckoutPresentationAdapter.swift in Sources */,
				FD0475402A56B93A00D5D8EB /* PizzaMenuLoaderPresentationAdapter.swift in Sources */,
				FD0475492A56BCF500D5D8EB /* PizzaMenuUIComposer.swift in Sources */,
				FD0475422A56B9B200D5D8EB /* PizzaViewAdapter.swift in Sources */,
				FD2A06E02A4F25D800812B2C /* SceneDelegate.swift in Sources */,
				FD1326B32A5BF9DB00E0AD6B /* CheckoutUIComposer.swift in Sources */,
			);
			runOnlyForDeploymentPostprocessing = 0;
		};
/* End PBXSourcesBuildPhase section */

/* Begin PBXVariantGroup section */
		FD2A06E82A4F25DB00812B2C /* LaunchScreen.storyboard */ = {
			isa = PBXVariantGroup;
			children = (
				FD2A06E92A4F25DB00812B2C /* Base */,
			);
			name = LaunchScreen.storyboard;
			sourceTree = "<group>";
		};
/* End PBXVariantGroup section */

/* Begin XCBuildConfiguration section */
		FD2A06EC2A4F25DB00812B2C /* Debug */ = {
			isa = XCBuildConfiguration;
			buildSettings = {
				ALWAYS_SEARCH_USER_PATHS = NO;
				CLANG_ANALYZER_NONNULL = YES;
				CLANG_ANALYZER_NUMBER_OBJECT_CONVERSION = YES_AGGRESSIVE;
				CLANG_CXX_LANGUAGE_STANDARD = "gnu++20";
				CLANG_ENABLE_MODULES = YES;
				CLANG_ENABLE_OBJC_ARC = YES;
				CLANG_ENABLE_OBJC_WEAK = YES;
				CLANG_WARN_BLOCK_CAPTURE_AUTORELEASING = YES;
				CLANG_WARN_BOOL_CONVERSION = YES;
				CLANG_WARN_COMMA = YES;
				CLANG_WARN_CONSTANT_CONVERSION = YES;
				CLANG_WARN_DEPRECATED_OBJC_IMPLEMENTATIONS = YES;
				CLANG_WARN_DIRECT_OBJC_ISA_USAGE = YES_ERROR;
				CLANG_WARN_DOCUMENTATION_COMMENTS = YES;
				CLANG_WARN_EMPTY_BODY = YES;
				CLANG_WARN_ENUM_CONVERSION = YES;
				CLANG_WARN_INFINITE_RECURSION = YES;
				CLANG_WARN_INT_CONVERSION = YES;
				CLANG_WARN_NON_LITERAL_NULL_CONVERSION = YES;
				CLANG_WARN_OBJC_IMPLICIT_RETAIN_SELF = YES;
				CLANG_WARN_OBJC_LITERAL_CONVERSION = YES;
				CLANG_WARN_OBJC_ROOT_CLASS = YES_ERROR;
				CLANG_WARN_QUOTED_INCLUDE_IN_FRAMEWORK_HEADER = YES;
				CLANG_WARN_RANGE_LOOP_ANALYSIS = YES;
				CLANG_WARN_STRICT_PROTOTYPES = YES;
				CLANG_WARN_SUSPICIOUS_MOVE = YES;
				CLANG_WARN_UNGUARDED_AVAILABILITY = YES_AGGRESSIVE;
				CLANG_WARN_UNREACHABLE_CODE = YES;
				CLANG_WARN__DUPLICATE_METHOD_MATCH = YES;
				COPY_PHASE_STRIP = NO;
				DEBUG_INFORMATION_FORMAT = dwarf;
				ENABLE_STRICT_OBJC_MSGSEND = YES;
				ENABLE_TESTABILITY = YES;
				GCC_C_LANGUAGE_STANDARD = gnu11;
				GCC_DYNAMIC_NO_PIC = NO;
				GCC_NO_COMMON_BLOCKS = YES;
				GCC_OPTIMIZATION_LEVEL = 0;
				GCC_PREPROCESSOR_DEFINITIONS = (
					"DEBUG=1",
					"$(inherited)",
				);
				GCC_WARN_64_TO_32_BIT_CONVERSION = YES;
				GCC_WARN_ABOUT_RETURN_TYPE = YES_ERROR;
				GCC_WARN_UNDECLARED_SELECTOR = YES;
				GCC_WARN_UNINITIALIZED_AUTOS = YES_AGGRESSIVE;
				GCC_WARN_UNUSED_FUNCTION = YES;
				GCC_WARN_UNUSED_VARIABLE = YES;
				IPHONEOS_DEPLOYMENT_TARGET = 16.4;
				MTL_ENABLE_DEBUG_INFO = INCLUDE_SOURCE;
				MTL_FAST_MATH = YES;
				ONLY_ACTIVE_ARCH = YES;
				SDKROOT = iphoneos;
				SWIFT_ACTIVE_COMPILATION_CONDITIONS = DEBUG;
				SWIFT_OPTIMIZATION_LEVEL = "-Onone";
			};
			name = Debug;
		};
		FD2A06ED2A4F25DB00812B2C /* Release */ = {
			isa = XCBuildConfiguration;
			buildSettings = {
				ALWAYS_SEARCH_USER_PATHS = NO;
				CLANG_ANALYZER_NONNULL = YES;
				CLANG_ANALYZER_NUMBER_OBJECT_CONVERSION = YES_AGGRESSIVE;
				CLANG_CXX_LANGUAGE_STANDARD = "gnu++20";
				CLANG_ENABLE_MODULES = YES;
				CLANG_ENABLE_OBJC_ARC = YES;
				CLANG_ENABLE_OBJC_WEAK = YES;
				CLANG_WARN_BLOCK_CAPTURE_AUTORELEASING = YES;
				CLANG_WARN_BOOL_CONVERSION = YES;
				CLANG_WARN_COMMA = YES;
				CLANG_WARN_CONSTANT_CONVERSION = YES;
				CLANG_WARN_DEPRECATED_OBJC_IMPLEMENTATIONS = YES;
				CLANG_WARN_DIRECT_OBJC_ISA_USAGE = YES_ERROR;
				CLANG_WARN_DOCUMENTATION_COMMENTS = YES;
				CLANG_WARN_EMPTY_BODY = YES;
				CLANG_WARN_ENUM_CONVERSION = YES;
				CLANG_WARN_INFINITE_RECURSION = YES;
				CLANG_WARN_INT_CONVERSION = YES;
				CLANG_WARN_NON_LITERAL_NULL_CONVERSION = YES;
				CLANG_WARN_OBJC_IMPLICIT_RETAIN_SELF = YES;
				CLANG_WARN_OBJC_LITERAL_CONVERSION = YES;
				CLANG_WARN_OBJC_ROOT_CLASS = YES_ERROR;
				CLANG_WARN_QUOTED_INCLUDE_IN_FRAMEWORK_HEADER = YES;
				CLANG_WARN_RANGE_LOOP_ANALYSIS = YES;
				CLANG_WARN_STRICT_PROTOTYPES = YES;
				CLANG_WARN_SUSPICIOUS_MOVE = YES;
				CLANG_WARN_UNGUARDED_AVAILABILITY = YES_AGGRESSIVE;
				CLANG_WARN_UNREACHABLE_CODE = YES;
				CLANG_WARN__DUPLICATE_METHOD_MATCH = YES;
				COPY_PHASE_STRIP = NO;
				DEBUG_INFORMATION_FORMAT = "dwarf-with-dsym";
				ENABLE_NS_ASSERTIONS = NO;
				ENABLE_STRICT_OBJC_MSGSEND = YES;
				GCC_C_LANGUAGE_STANDARD = gnu11;
				GCC_NO_COMMON_BLOCKS = YES;
				GCC_WARN_64_TO_32_BIT_CONVERSION = YES;
				GCC_WARN_ABOUT_RETURN_TYPE = YES_ERROR;
				GCC_WARN_UNDECLARED_SELECTOR = YES;
				GCC_WARN_UNINITIALIZED_AUTOS = YES_AGGRESSIVE;
				GCC_WARN_UNUSED_FUNCTION = YES;
				GCC_WARN_UNUSED_VARIABLE = YES;
				IPHONEOS_DEPLOYMENT_TARGET = 16.4;
				MTL_ENABLE_DEBUG_INFO = NO;
				MTL_FAST_MATH = YES;
				SDKROOT = iphoneos;
				SWIFT_COMPILATION_MODE = wholemodule;
				SWIFT_OPTIMIZATION_LEVEL = "-O";
				VALIDATE_PRODUCT = YES;
			};
			name = Release;
		};
		FD2A06EF2A4F25DB00812B2C /* Debug */ = {
			isa = XCBuildConfiguration;
			buildSettings = {
				ASSETCATALOG_COMPILER_APPICON_NAME = AppIcon;
				ASSETCATALOG_COMPILER_GLOBAL_ACCENT_COLOR_NAME = AccentColor;
				CODE_SIGN_STYLE = Automatic;
				CURRENT_PROJECT_VERSION = 1;
				DEVELOPMENT_TEAM = H8TMARX7BW;
				GENERATE_INFOPLIST_FILE = YES;
				INFOPLIST_FILE = NennoPizza/Info.plist;
				INFOPLIST_KEY_UIApplicationSupportsIndirectInputEvents = YES;
				INFOPLIST_KEY_UILaunchStoryboardName = LaunchScreen;
				INFOPLIST_KEY_UISupportedInterfaceOrientations_iPad = "UIInterfaceOrientationPortrait UIInterfaceOrientationPortraitUpsideDown UIInterfaceOrientationLandscapeLeft UIInterfaceOrientationLandscapeRight";
				INFOPLIST_KEY_UISupportedInterfaceOrientations_iPhone = "UIInterfaceOrientationPortrait UIInterfaceOrientationLandscapeLeft UIInterfaceOrientationLandscapeRight";
				LD_RUNPATH_SEARCH_PATHS = (
					"$(inherited)",
					"@executable_path/Frameworks",
				);
				MARKETING_VERSION = 1.0;
				PRODUCT_BUNDLE_IDENTIFIER = com.vadymbohdan.NennoPizza;
				PRODUCT_NAME = "$(TARGET_NAME)";
				SWIFT_EMIT_LOC_STRINGS = YES;
				SWIFT_VERSION = 5.0;
				TARGETED_DEVICE_FAMILY = "1,2";
			};
			name = Debug;
		};
		FD2A06F02A4F25DB00812B2C /* Release */ = {
			isa = XCBuildConfiguration;
			buildSettings = {
				ASSETCATALOG_COMPILER_APPICON_NAME = AppIcon;
				ASSETCATALOG_COMPILER_GLOBAL_ACCENT_COLOR_NAME = AccentColor;
				CODE_SIGN_STYLE = Automatic;
				CURRENT_PROJECT_VERSION = 1;
				DEVELOPMENT_TEAM = H8TMARX7BW;
				GENERATE_INFOPLIST_FILE = YES;
				INFOPLIST_FILE = NennoPizza/Info.plist;
				INFOPLIST_KEY_UIApplicationSupportsIndirectInputEvents = YES;
				INFOPLIST_KEY_UILaunchStoryboardName = LaunchScreen;
				INFOPLIST_KEY_UISupportedInterfaceOrientations_iPad = "UIInterfaceOrientationPortrait UIInterfaceOrientationPortraitUpsideDown UIInterfaceOrientationLandscapeLeft UIInterfaceOrientationLandscapeRight";
				INFOPLIST_KEY_UISupportedInterfaceOrientations_iPhone = "UIInterfaceOrientationPortrait UIInterfaceOrientationLandscapeLeft UIInterfaceOrientationLandscapeRight";
				LD_RUNPATH_SEARCH_PATHS = (
					"$(inherited)",
					"@executable_path/Frameworks",
				);
				MARKETING_VERSION = 1.0;
				PRODUCT_BUNDLE_IDENTIFIER = com.vadymbohdan.NennoPizza;
				PRODUCT_NAME = "$(TARGET_NAME)";
				SWIFT_EMIT_LOC_STRINGS = YES;
				SWIFT_VERSION = 5.0;
				TARGETED_DEVICE_FAMILY = "1,2";
			};
			name = Release;
		};
/* End XCBuildConfiguration section */

/* Begin XCConfigurationList section */
		FD2A06D52A4F25D700812B2C /* Build configuration list for PBXProject "NennoPizza" */ = {
			isa = XCConfigurationList;
			buildConfigurations = (
				FD2A06EC2A4F25DB00812B2C /* Debug */,
				FD2A06ED2A4F25DB00812B2C /* Release */,
			);
			defaultConfigurationIsVisible = 0;
			defaultConfigurationName = Release;
		};
		FD2A06EE2A4F25DB00812B2C /* Build configuration list for PBXNativeTarget "NennoPizza" */ = {
			isa = XCConfigurationList;
			buildConfigurations = (
				FD2A06EF2A4F25DB00812B2C /* Debug */,
				FD2A06F02A4F25DB00812B2C /* Release */,
			);
			defaultConfigurationIsVisible = 0;
			defaultConfigurationName = Release;
		};
/* End XCConfigurationList section */
	};
	rootObject = FD2A06D22A4F25D700812B2C /* Project object */;
}
